
Microsoft Visual Studio Solution File, Format Version 11.00
# Visual Studio 2010
Project("{F184B08F-C81C-45F6-A57F-5ABD9991F28F}") = "HelloWorld", "HelloWorld\HelloWorld.vbproj", "{C40860B3-F882-4659-B467-2A6BFF98096B}"
EndProject
Global
	GlobalSection(SolutionConfigurationPlatforms) = preSolution
		Debug|x86 = Debug|x86
		Release|x86 = Release|x86
	EndGlobalSection
	GlobalSection(ProjectConfigurationPlatforms) = postSolution
		{C40860B3-F882-4659-B467-2A6BFF98096B}.Debug|x86.ActiveCfg = Debug|x86
		{C40860B3-F882-4659-B467-2A6BFF98096B}.Debug|x86.Build.0 = Debug|x86
		{C40860B3-F882-4659-B467-2A6BFF98096B}.Release|x86.ActiveCfg = Release|x86
		{C40860B3-F882-4659-B467-2A6BFF98096B}.Release|x86.Build.0 = Release|x86
	EndGlobalSection
	GlobalSection(SolutionProperties) = preSolution
		HideSolutionNode = FALSE
	EndGlobalSection
EndGlobal
